
Microsoft Visual Studio Solution File, Format Version 12.00
# Visual Studio Version 17
VisualStudioVersion = 17.8.34112.27
MinimumVisualStudioVersion = 10.0.40219.1
Project("{9A19103F-16F7-4668-BE54-9A1E7A4F7556}") = "Memo", "Memo\Memo.csproj", "{9FE8B612-89A1-49BA-A6B1-EA9D6594D515}"
EndProject
Project("{9A19103F-16F7-4668-BE54-9A1E7A4F7556}") = "Memo.Blazor", "Memo.Blazor\Memo.Blazor.csproj", "{176E4C60-CD85-41C5-9646-D95F4B8AFB9C}"
EndProject
Project("{9A19103F-16F7-4668-BE54-9A1E7A4F7556}") = "Memo.Tests", "Memo.Tests\Memo.Tests.csproj", "{95BA7D96-E4CB-4BE2-9D82-01E6746929F4}"
EndProject
Project("{9A19103F-16F7-4668-BE54-9A1E7A4F7556}") = "Memo.BlazorDemo", "Memo.BlazorDemo\Memo.BlazorDemo.csproj", "{3C93D249-5238-4031-B86C-D3F5F7E375D3}"
EndProject
Global
	GlobalSection(SolutionConfigurationPlatforms) = preSolution
		Debug|Any CPU = Debug|Any CPU
		Release|Any CPU = Release|Any CPU
	EndGlobalSection
	GlobalSection(ProjectConfigurationPlatforms) = postSolution
		{9FE8B612-89A1-49BA-A6B1-EA9D6594D515}.Debug|Any CPU.ActiveCfg = Debug|Any CPU
		{9FE8B612-89A1-49BA-A6B1-EA9D6594D515}.Debug|Any CPU.Build.0 = Debug|Any CPU
		{9FE8B612-89A1-49BA-A6B1-EA9D6594D515}.Release|Any CPU.ActiveCfg = Release|Any CPU
		{9FE8B612-89A1-49BA-A6B1-EA9D6594D515}.Release|Any CPU.Build.0 = Release|Any CPU
		{176E4C60-CD85-41C5-9646-D95F4B8AFB9C}.Debug|Any CPU.ActiveCfg = Debug|Any CPU
		{176E4C60-CD85-41C5-9646-D95F4B8AFB9C}.Debug|Any CPU.Build.0 = Debug|Any CPU
		{176E4C60-CD85-41C5-9646-D95F4B8AFB9C}.Release|Any CPU.ActiveCfg = Release|Any CPU
		{176E4C60-CD85-41C5-9646-D95F4B8AFB9C}.Release|Any CPU.Build.0 = Release|Any CPU
		{95BA7D96-E4CB-4BE2-9D82-01E6746929F4}.Debug|Any CPU.ActiveCfg = Debug|Any CPU
		{95BA7D96-E4CB-4BE2-9D82-01E6746929F4}.Debug|Any CPU.Build.0 = Debug|Any CPU
		{95BA7D96-E4CB-4BE2-9D82-01E6746929F4}.Release|Any CPU.ActiveCfg = Release|Any CPU
		{95BA7D96-E4CB-4BE2-9D82-01E6746929F4}.Release|Any CPU.Build.0 = Release|Any CPU
		{3C93D249-5238-4031-B86C-D3F5F7E375D3}.Debug|Any CPU.ActiveCfg = Debug|Any CPU
		{3C93D249-5238-4031-B86C-D3F5F7E375D3}.Debug|Any CPU.Build.0 = Debug|Any CPU
		{3C93D249-5238-4031-B86C-D3F5F7E375D3}.Release|Any CPU.ActiveCfg = Release|Any CPU
		{3C93D249-5238-4031-B86C-D3F5F7E375D3}.Release|Any CPU.Build.0 = Release|Any CPU
	EndGlobalSection
	GlobalSection(SolutionProperties) = preSolution
		HideSolutionNode = FALSE
	EndGlobalSection
	GlobalSection(ExtensibilityGlobals) = postSolution
		SolutionGuid = {F9EFCD59-B124-459C-855D-14B3499D4C1C}
	EndGlobalSection
EndGlobal
